// !$*UTF8*$!
{
	archiveVersion = 1;
	classes = {
	};
	objectVersion = 46;
	objects = {

/* Begin PBXBuildFile section */
		0207DA581B56EA530066E2B4 /* Images.xcassets in Resources */ = {isa = PBXBuildFile; fileRef = 0207DA571B56EA530066E2B4 /* Images.xcassets */; };
		042C1561D8F94BD7B6DC9396 /* OpenGLES.framework in Frameworks */ = {isa = PBXBuildFile; fileRef = 11B63FF3CABD44E6B503764F /* OpenGLES.framework */; };
		06EDF0B3337B4125ADCD5D18 /* CoreVideo.framework in Frameworks */ = {isa = PBXBuildFile; fileRef = 48F601542DA0485CAFF5EA3F /* CoreVideo.framework */; };
		1055F65C9BD84EFC9951BFB5 /* CoreMotion.framework in Frameworks */ = {isa = PBXBuildFile; fileRef = CF395037E96C4F5F95038E5E /* CoreMotion.framework */; };
		1400EA68386140549265DEEC /* libz.dylib in Frameworks */ = {isa = PBXBuildFile; fileRef = CF611552D059428C880D522F /* libz.dylib */; };
		1D3623260D0F684500981E51 /* AppDelegate.m in Sources */ = {isa = PBXBuildFile; fileRef = 1D3623250D0F684500981E51 /* AppDelegate.m */; };
		1D60589B0D05DD56006BFB54 /* main.m in Sources */ = {isa = PBXBuildFile; fileRef = 29B97316FDCFA39411CA2CEA /* main.m */; };
		301BF552109A68D80062928A /* libCordova.a in Frameworks */ = {isa = PBXBuildFile; fileRef = 301BF535109A57CC0062928A /* libCordova.a */; };
		302D95F114D2391D003F00A1 /* MainViewController.m in Sources */ = {isa = PBXBuildFile; fileRef = 302D95EF14D2391D003F00A1 /* MainViewController.m */; };
		302D95F214D2391D003F00A1 /* MainViewController.xib in Resources */ = {isa = PBXBuildFile; fileRef = 302D95F014D2391D003F00A1 /* MainViewController.xib */; };
		394B8C3EC216483B81AAEDF7 /* Accelerate.framework in Frameworks */ = {isa = PBXBuildFile; fileRef = 56410462FEFC47A39F1BEA3B /* Accelerate.framework */; };
		4045699ED8644A56959C73E0 /* CoreText.framework in Frameworks */ = {isa = PBXBuildFile; fileRef = 655CBD04C3B6472AA108F4A6 /* CoreText.framework */; };
		47802976E5CD4A939BA5520D /* Security.framework in Frameworks */ = {isa = PBXBuildFile; fileRef = D3D7C58316064002BD650B38 /* Security.framework */; };
		505D6054856D42F5900AFB3C /* AVFoundation.framework in Frameworks */ = {isa = PBXBuildFile; fileRef = 86B3322CD21E4DE3A1D4B2EE /* AVFoundation.framework */; };
		5E245B03F5C14E8E9F52CD7A /* CDVLocation.m in Sources */ = {isa = PBXBuildFile; fileRef = 5E48499F619B4599936BDC0F /* CDVLocation.m */; };
		694FBF9A368E4B839C9EB327 /* CDVWKWebViewUIDelegate.m in Sources */ = {isa = PBXBuildFile; fileRef = CF641453580E43F29459E811 /* CDVWKWebViewUIDelegate.m */; };
		73E2685C8F8949FA9CD66429 /* QuartzCore.framework in Frameworks */ = {isa = PBXBuildFile; fileRef = D0F679D05B134B839CBA7F5A /* QuartzCore.framework */; };
		7583955265DB44D0B1155521 /* CDVDevice.m in Sources */ = {isa = PBXBuildFile; fileRef = 7F04DE3AF9424A599849E2C7 /* CDVDevice.m */; };
		9B6C56B28B3745E791F2B970 /* CDVWKWebViewEngine.m in Sources */ = {isa = PBXBuildFile; fileRef = B60628D9D3EE43F1AA1EF398 /* CDVWKWebViewEngine.m */; };
		A40A1280067448B9B0B4D58B /* CDVNavigationWhitelistPlugin.m in Sources */ = {isa = PBXBuildFile; fileRef = 3DE95D480479487C986B36FE /* CDVNavigationWhitelistPlugin.m */; };
		A64AE823A7AE458AB5BFC3E2 /* Foundation.framework in Frameworks */ = {isa = PBXBuildFile; fileRef = B6CF8C1D08DC4F4FBCFCB23C /* Foundation.framework */; };
		A66631A3DE3849DBB7FCCA8D /* libc++.dylib in Frameworks */ = {isa = PBXBuildFile; fileRef = 30CFAA2EB9CB4E48B1A8ABBF /* libc++.dylib */; };
		ADA1E34FA56747F2982D0AEC /* CFNetwork.framework in Frameworks */ = {isa = PBXBuildFile; fileRef = 0FD3F995DD954FDF8FD52A39 /* CFNetwork.framework */; };
		AF89DB3B829B40C688DB5A85 /* CoreLocation.framework in Frameworks */ = {isa = PBXBuildFile; fileRef = 3718125840F94CBDBD10CCD3 /* CoreLocation.framework */; };
		B5540E20844E4DADB8853D48 /* CoreMedia.framework in Frameworks */ = {isa = PBXBuildFile; fileRef = B070D96C49AD486BAA00A874 /* CoreMedia.framework */; };
		B855F9426B15424B89252F55 /* SystemConfiguration.framework in Frameworks */ = {isa = PBXBuildFile; fileRef = E85046C2265C4E22BE603325 /* SystemConfiguration.framework */; };
		BB700445EF3B432298176541 /* libWikitudeSDK_simulator.a in Frameworks */ = {isa = PBXBuildFile; fileRef = AAF90E9104244FBC9DE1E0CB /* libWikitudeSDK_simulator.a */; };
		BC1FEB256E1E4FAB8FA59424 /* CDVInAppBrowser.m in Sources */ = {isa = PBXBuildFile; fileRef = 5EB97F359B63411CB058B323 /* CDVInAppBrowser.m */; };
		CABC5834C37B4062BA92969C /* UIKit.framework in Frameworks */ = {isa = PBXBuildFile; fileRef = 1E446A9B874148C98292B42E /* UIKit.framework */; };
		D655CB229E504D6590F34A44 /* libWikitudeSDK.a in Frameworks */ = {isa = PBXBuildFile; fileRef = 1A376A90136D45D78411E8A9 /* libWikitudeSDK.a */; };
		D9019ADB82F646A5871ED47A /* MediaPlayer.framework in Frameworks */ = {isa = PBXBuildFile; fileRef = B9D7AFD4B15048C7B2F3C461 /* MediaPlayer.framework */; };
		DB9918F0A2A84B608091F62B /* WTARViewController.m in Sources */ = {isa = PBXBuildFile; fileRef = CC3F4D2F515145D2A5827576 /* WTARViewController.m */; };
		F6E48BBAB4AA46F2B21C958F /* WTWikitudePlugin.m in Sources */ = {isa = PBXBuildFile; fileRef = B89A2050E8A04892B75CDF3A /* WTWikitudePlugin.m */; };
		FB1DFBC70C4F496E91E460BE /* WebKit.framework in Frameworks */ = {isa = PBXBuildFile; fileRef = E7DD9C27238C41CE80E55F7F /* WebKit.framework */; settings = {ATTRIBUTES = (Weak, ); }; };
/* End PBXBuildFile section */

/* Begin PBXContainerItemProxy section */
		301BF534109A57CC0062928A /* PBXContainerItemProxy */ = {
			isa = PBXContainerItemProxy;
			containerPortal = 301BF52D109A57CC0062928A /* CordovaLib.xcodeproj */;
			proxyType = 2;
			remoteGlobalIDString = D2AAC07E0554694100DB518D;
			remoteInfo = CordovaLib;
		};
		301BF550109A68C00062928A /* PBXContainerItemProxy */ = {
			isa = PBXContainerItemProxy;
			containerPortal = 301BF52D109A57CC0062928A /* CordovaLib.xcodeproj */;
			proxyType = 1;
			remoteGlobalIDString = D2AAC07D0554694100DB518D;
			remoteInfo = CordovaLib;
		};
/* End PBXContainerItemProxy section */

/* Begin PBXFileReference section */
		0207DA571B56EA530066E2B4 /* Images.xcassets */ = {isa = PBXFileReference; lastKnownFileType = folder.assetcatalog; name = Images.xcassets; path = "GAL Capo S.Maria di Leuca Reality/Images.xcassets"; sourceTree = SOURCE_ROOT; };
		0FD3F995DD954FDF8FD52A39 /* CFNetwork.framework */ = {isa = PBXFileReference; explicitFileType = undefined; fileEncoding = 9; includeInIndex = 0; lastKnownFileType = wrapper.framework; name = CFNetwork.framework; path = System/Library/Frameworks/CFNetwork.framework; sourceTree = SDKROOT; };
		11B63FF3CABD44E6B503764F /* OpenGLES.framework */ = {isa = PBXFileReference; explicitFileType = undefined; fileEncoding = 9; includeInIndex = 0; lastKnownFileType = wrapper.framework; name = OpenGLES.framework; path = System/Library/Frameworks/OpenGLES.framework; sourceTree = SDKROOT; };
		1A376A90136D45D78411E8A9 /* libWikitudeSDK.a */ = {isa = PBXFileReference; explicitFileType = undefined; fileEncoding = 9; includeInIndex = 0; lastKnownFileType = archive.ar; name = libWikitudeSDK.a; path = "GAL Capo S.Maria di Leuca Reality/Plugins/com.wikitude.phonegap.WikitudePlugin/libWikitudeSDK.a"; sourceTree = "<group>"; };
		1D3623240D0F684500981E51 /* AppDelegate.h */ = {isa = PBXFileReference; fileEncoding = 4; lastKnownFileType = sourcecode.c.h; path = AppDelegate.h; sourceTree = "<group>"; };
		1D3623250D0F684500981E51 /* AppDelegate.m */ = {isa = PBXFileReference; fileEncoding = 4; lastKnownFileType = sourcecode.c.objc; path = AppDelegate.m; sourceTree = "<group>"; };
		1D6058910D05DD3D006BFB54 /* GAL Capo S.Maria di Leuca Reality.app */ = {isa = PBXFileReference; explicitFileType = wrapper.application; includeInIndex = 0; path = "GAL Capo S.Maria di Leuca Reality.app"; sourceTree = BUILT_PRODUCTS_DIR; };
		1DEFF0AF59A34BF1974A1BB9 /* WTNavigation.h */ = {isa = PBXFileReference; explicitFileType = undefined; fileEncoding = 4; includeInIndex = 0; lastKnownFileType = sourcecode.c.h; name = WTNavigation.h; path = com.wikitude.phonegap.WikitudePlugin/WTNavigation.h; sourceTree = "<group>"; };
		1E446A9B874148C98292B42E /* UIKit.framework */ = {isa = PBXFileReference; explicitFileType = undefined; fileEncoding = 9; includeInIndex = 0; lastKnownFileType = wrapper.framework; name = UIKit.framework; path = System/Library/Frameworks/UIKit.framework; sourceTree = SDKROOT; };
		2271602687C14E839806D683 /* WTArchitectView.h */ = {isa = PBXFileReference; explicitFileType = undefined; fileEncoding = 4; includeInIndex = 0; lastKnownFileType = sourcecode.c.h; name = WTArchitectView.h; path = com.wikitude.phonegap.WikitudePlugin/WTArchitectView.h; sourceTree = "<group>"; };
		22FEEC20BD8D410597E8118E /* CDVNavigationWhitelistPlugin.h */ = {isa = PBXFileReference; explicitFileType = undefined; fileEncoding = 4; includeInIndex = 0; lastKnownFileType = sourcecode.c.h; name = CDVNavigationWhitelistPlugin.h; path = "cordova-plugin-whitelist/CDVNavigationWhitelistPlugin.h"; sourceTree = "<group>"; };
		29B97316FDCFA39411CA2CEA /* main.m */ = {isa = PBXFileReference; fileEncoding = 4; lastKnownFileType = sourcecode.c.objc; path = main.m; sourceTree = "<group>"; };
		301BF52D109A57CC0062928A /* CordovaLib.xcodeproj */ = {isa = PBXFileReference; lastKnownFileType = "wrapper.pb-project"; name = CordovaLib.xcodeproj; path = CordovaLib/CordovaLib.xcodeproj; sourceTree = "<group>"; };
		301BF56E109A69640062928A /* www */ = {isa = PBXFileReference; lastKnownFileType = folder; path = www; sourceTree = SOURCE_ROOT; };
		302D95EE14D2391D003F00A1 /* MainViewController.h */ = {isa = PBXFileReference; fileEncoding = 4; lastKnownFileType = sourcecode.c.h; path = MainViewController.h; sourceTree = "<group>"; };
		302D95EF14D2391D003F00A1 /* MainViewController.m */ = {isa = PBXFileReference; fileEncoding = 4; lastKnownFileType = sourcecode.c.objc; path = MainViewController.m; sourceTree = "<group>"; };
		302D95F014D2391D003F00A1 /* MainViewController.xib */ = {isa = PBXFileReference; fileEncoding = 4; lastKnownFileType = file.xib; path = MainViewController.xib; sourceTree = "<group>"; };
		3047A50F1AB8059700498E2A /* build-debug.xcconfig */ = {isa = PBXFileReference; fileEncoding = 4; lastKnownFileType = text.xcconfig; name = "build-debug.xcconfig"; path = "cordova/build-debug.xcconfig"; sourceTree = SOURCE_ROOT; };
		3047A5101AB8059700498E2A /* build-release.xcconfig */ = {isa = PBXFileReference; fileEncoding = 4; lastKnownFileType = text.xcconfig; name = "build-release.xcconfig"; path = "cordova/build-release.xcconfig"; sourceTree = SOURCE_ROOT; };
		3047A5111AB8059700498E2A /* build.xcconfig */ = {isa = PBXFileReference; fileEncoding = 4; lastKnownFileType = text.xcconfig; name = build.xcconfig; path = cordova/build.xcconfig; sourceTree = SOURCE_ROOT; };
		30CFAA2EB9CB4E48B1A8ABBF /* libc++.dylib */ = {isa = PBXFileReference; explicitFileType = undefined; fileEncoding = 9; includeInIndex = 0; lastKnownFileType = "compiled.mach-o.dylib"; name = "libc++.dylib"; path = "usr/lib/libc++.dylib"; sourceTree = SDKROOT; };
		32CA4F630368D1EE00C91783 /* GAL Capo S.Maria di Leuca Reality-Prefix.pch */ = {isa = PBXFileReference; fileEncoding = 4; lastKnownFileType = sourcecode.c.h; path = "GAL Capo S.Maria di Leuca Reality-Prefix.pch"; sourceTree = "<group>"; };
		3718125840F94CBDBD10CCD3 /* CoreLocation.framework */ = {isa = PBXFileReference; explicitFileType = undefined; fileEncoding = 9; includeInIndex = 0; lastKnownFileType = wrapper.framework; name = CoreLocation.framework; path = System/Library/Frameworks/CoreLocation.framework; sourceTree = SDKROOT; };
		3DE95D480479487C986B36FE /* CDVNavigationWhitelistPlugin.m */ = {isa = PBXFileReference; explicitFileType = undefined; fileEncoding = 4; includeInIndex = 0; lastKnownFileType = sourcecode.c.objc; name = CDVNavigationWhitelistPlugin.m; path = "cordova-plugin-whitelist/CDVNavigationWhitelistPlugin.m"; sourceTree = "<group>"; };
		3FEACC09E84A46A4AE72F546 /* CDVWKWebViewEngine.h */ = {isa = PBXFileReference; explicitFileType = undefined; fileEncoding = 4; includeInIndex = 0; lastKnownFileType = sourcecode.c.h; name = CDVWKWebViewEngine.h; path = "cordova-plugin-wkwebview-engine/CDVWKWebViewEngine.h"; sourceTree = "<group>"; };
		48F601542DA0485CAFF5EA3F /* CoreVideo.framework */ = {isa = PBXFileReference; explicitFileType = undefined; fileEncoding = 9; includeInIndex = 0; lastKnownFileType = wrapper.framework; name = CoreVideo.framework; path = System/Library/Frameworks/CoreVideo.framework; sourceTree = SDKROOT; };
		56410462FEFC47A39F1BEA3B /* Accelerate.framework */ = {isa = PBXFileReference; explicitFileType = undefined; fileEncoding = 9; includeInIndex = 0; lastKnownFileType = wrapper.framework; name = Accelerate.framework; path = System/Library/Frameworks/Accelerate.framework; sourceTree = SDKROOT; };
		5E48499F619B4599936BDC0F /* CDVLocation.m */ = {isa = PBXFileReference; explicitFileType = undefined; fileEncoding = 4; includeInIndex = 0; lastKnownFileType = sourcecode.c.objc; name = CDVLocation.m; path = org.apache.cordova.geolocation/CDVLocation.m; sourceTree = "<group>"; };
		5EB97F359B63411CB058B323 /* CDVInAppBrowser.m */ = {isa = PBXFileReference; explicitFileType = undefined; fileEncoding = 4; includeInIndex = 0; lastKnownFileType = sourcecode.c.objc; name = CDVInAppBrowser.m; path = org.apache.cordova.inappbrowser/CDVInAppBrowser.m; sourceTree = "<group>"; };
		5F7C8193B80140439EA160D9 /* WTARViewController.h */ = {isa = PBXFileReference; explicitFileType = undefined; fileEncoding = 4; includeInIndex = 0; lastKnownFileType = sourcecode.c.h; name = WTARViewController.h; path = com.wikitude.phonegap.WikitudePlugin/WTARViewController.h; sourceTree = "<group>"; };
		655CBD04C3B6472AA108F4A6 /* CoreText.framework */ = {isa = PBXFileReference; explicitFileType = undefined; fileEncoding = 9; includeInIndex = 0; lastKnownFileType = wrapper.framework; name = CoreText.framework; path = System/Library/Frameworks/CoreText.framework; sourceTree = SDKROOT; };
		6E21086EEB0D4ACA8FB0EADC /* CDVInAppBrowser.h */ = {isa = PBXFileReference; explicitFileType = undefined; fileEncoding = 4; includeInIndex = 0; lastKnownFileType = sourcecode.c.h; name = CDVInAppBrowser.h; path = org.apache.cordova.inappbrowser/CDVInAppBrowser.h; sourceTree = "<group>"; };
		7EB67BADAA1A4C4FB8EAC47F /* WTArchitectView+Plugins.h */ = {isa = PBXFileReference; explicitFileType = undefined; fileEncoding = 4; includeInIndex = 0; lastKnownFileType = sourcecode.c.h; name = "WTArchitectView+Plugins.h"; path = "com.wikitude.phonegap.WikitudePlugin/WTArchitectView+Plugins.h"; sourceTree = "<group>"; };
		7F04DE3AF9424A599849E2C7 /* CDVDevice.m */ = {isa = PBXFileReference; explicitFileType = undefined; fileEncoding = 4; includeInIndex = 0; lastKnownFileType = sourcecode.c.objc; name = CDVDevice.m; path = org.apache.cordova.device/CDVDevice.m; sourceTree = "<group>"; };
		86B3322CD21E4DE3A1D4B2EE /* AVFoundation.framework */ = {isa = PBXFileReference; explicitFileType = undefined; fileEncoding = 9; includeInIndex = 0; lastKnownFileType = wrapper.framework; name = AVFoundation.framework; path = System/Library/Frameworks/AVFoundation.framework; sourceTree = SDKROOT; };
		882A351F44ED4163A80EDACF /* WTArchitectViewDebugDelegate.h */ = {isa = PBXFileReference; explicitFileType = undefined; fileEncoding = 4; includeInIndex = 0; lastKnownFileType = sourcecode.c.h; name = WTArchitectViewDebugDelegate.h; path = com.wikitude.phonegap.WikitudePlugin/WTArchitectViewDebugDelegate.h; sourceTree = "<group>"; };
		8D1107310486CEB800E47090 /* GAL Capo S.Maria di Leuca Reality-Info.plist */ = {isa = PBXFileReference; fileEncoding = 4; lastKnownFileType = text.plist.xml; name = "GAL Capo S.Maria di Leuca Reality-Info.plist"; path = "GAL Capo S.Maria di Leuca Reality/GAL Capo S.Maria di Leuca Reality-Info.plist"; plistStructureDefinitionIdentifier = "com.apple.xcode.plist.structure-definition.iphone.info-plist"; sourceTree = SOURCE_ROOT; };
		96232D84A0BC42908F067EEF /* WTWikitudeTypes.h */ = {isa = PBXFileReference; explicitFileType = undefined; fileEncoding = 4; includeInIndex = 0; lastKnownFileType = sourcecode.c.h; name = WTWikitudeTypes.h; path = com.wikitude.phonegap.WikitudePlugin/WTWikitudeTypes.h; sourceTree = "<group>"; };
		AAF90E9104244FBC9DE1E0CB /* libWikitudeSDK_simulator.a */ = {isa = PBXFileReference; explicitFileType = undefined; fileEncoding = 9; includeInIndex = 0; lastKnownFileType = archive.ar; name = libWikitudeSDK_simulator.a; path = "GAL Capo S.Maria di Leuca Reality/Plugins/com.wikitude.phonegap.WikitudePlugin/libWikitudeSDK_simulator.a"; sourceTree = "<group>"; };
		B070D96C49AD486BAA00A874 /* CoreMedia.framework */ = {isa = PBXFileReference; explicitFileType = undefined; fileEncoding = 9; includeInIndex = 0; lastKnownFileType = wrapper.framework; name = CoreMedia.framework; path = System/Library/Frameworks/CoreMedia.framework; sourceTree = SDKROOT; };
		B60628D9D3EE43F1AA1EF398 /* CDVWKWebViewEngine.m */ = {isa = PBXFileReference; explicitFileType = undefined; fileEncoding = 4; includeInIndex = 0; lastKnownFileType = sourcecode.c.objc; name = CDVWKWebViewEngine.m; path = "cordova-plugin-wkwebview-engine/CDVWKWebViewEngine.m"; sourceTree = "<group>"; };
		B6CF8C1D08DC4F4FBCFCB23C /* Foundation.framework */ = {isa = PBXFileReference; explicitFileType = undefined; fileEncoding = 9; includeInIndex = 0; lastKnownFileType = wrapper.framework; name = Foundation.framework; path = System/Library/Frameworks/Foundation.framework; sourceTree = SDKROOT; };
		B89A2050E8A04892B75CDF3A /* WTWikitudePlugin.m */ = {isa = PBXFileReference; explicitFileType = undefined; fileEncoding = 4; includeInIndex = 0; lastKnownFileType = sourcecode.c.objc; name = WTWikitudePlugin.m; path = com.wikitude.phonegap.WikitudePlugin/WTWikitudePlugin.m; sourceTree = "<group>"; };
		B9D7AFD4B15048C7B2F3C461 /* MediaPlayer.framework */ = {isa = PBXFileReference; explicitFileType = undefined; fileEncoding = 9; includeInIndex = 0; lastKnownFileType = wrapper.framework; name = MediaPlayer.framework; path = System/Library/Frameworks/MediaPlayer.framework; sourceTree = SDKROOT; };
		C38BD3D223A34623AF9AAB09 /* WTStartupConfiguration.h */ = {isa = PBXFileReference; explicitFileType = undefined; fileEncoding = 4; includeInIndex = 0; lastKnownFileType = sourcecode.c.h; name = WTStartupConfiguration.h; path = com.wikitude.phonegap.WikitudePlugin/WTStartupConfiguration.h; sourceTree = "<group>"; };
		CC3F4D2F515145D2A5827576 /* WTARViewController.m */ = {isa = PBXFileReference; explicitFileType = undefined; fileEncoding = 4; includeInIndex = 0; lastKnownFileType = sourcecode.c.objc; name = WTARViewController.m; path = com.wikitude.phonegap.WikitudePlugin/WTARViewController.m; sourceTree = "<group>"; };
		CF395037E96C4F5F95038E5E /* CoreMotion.framework */ = {isa = PBXFileReference; explicitFileType = undefined; fileEncoding = 9; includeInIndex = 0; lastKnownFileType = wrapper.framework; name = CoreMotion.framework; path = System/Library/Frameworks/CoreMotion.framework; sourceTree = SDKROOT; };
		CF611552D059428C880D522F /* libz.dylib */ = {isa = PBXFileReference; explicitFileType = undefined; fileEncoding = 9; includeInIndex = 0; lastKnownFileType = "compiled.mach-o.dylib"; name = libz.dylib; path = usr/lib/libz.dylib; sourceTree = SDKROOT; };
		CF641453580E43F29459E811 /* CDVWKWebViewUIDelegate.m */ = {isa = PBXFileReference; explicitFileType = undefined; fileEncoding = 4; includeInIndex = 0; lastKnownFileType = sourcecode.c.objc; name = CDVWKWebViewUIDelegate.m; path = "cordova-plugin-wkwebview-engine/CDVWKWebViewUIDelegate.m"; sourceTree = "<group>"; };
		D08613564612486285CE6B1C /* CDVLocation.h */ = {isa = PBXFileReference; explicitFileType = undefined; fileEncoding = 4; includeInIndex = 0; lastKnownFileType = sourcecode.c.h; name = CDVLocation.h; path = org.apache.cordova.geolocation/CDVLocation.h; sourceTree = "<group>"; };
		D0F679D05B134B839CBA7F5A /* QuartzCore.framework */ = {isa = PBXFileReference; explicitFileType = undefined; fileEncoding = 9; includeInIndex = 0; lastKnownFileType = wrapper.framework; name = QuartzCore.framework; path = System/Library/Frameworks/QuartzCore.framework; sourceTree = SDKROOT; };
		D3D7C58316064002BD650B38 /* Security.framework */ = {isa = PBXFileReference; explicitFileType = undefined; fileEncoding = 9; includeInIndex = 0; lastKnownFileType = wrapper.framework; name = Security.framework; path = System/Library/Frameworks/Security.framework; sourceTree = SDKROOT; };
		D7CF45C96041463BB4CFA1D8 /* CDVDevice.h */ = {isa = PBXFileReference; explicitFileType = undefined; fileEncoding = 4; includeInIndex = 0; lastKnownFileType = sourcecode.c.h; name = CDVDevice.h; path = org.apache.cordova.device/CDVDevice.h; sourceTree = "<group>"; };
		E023AEDA068143D9B5FD1398 /* WTWikitudePlugin.h */ = {isa = PBXFileReference; explicitFileType = undefined; fileEncoding = 4; includeInIndex = 0; lastKnownFileType = sourcecode.c.h; name = WTWikitudePlugin.h; path = com.wikitude.phonegap.WikitudePlugin/WTWikitudePlugin.h; sourceTree = "<group>"; };
		E4095670C5F7460E8D5678F4 /* CDVWKWebViewUIDelegate.h */ = {isa = PBXFileReference; explicitFileType = undefined; fileEncoding = 4; includeInIndex = 0; lastKnownFileType = sourcecode.c.h; name = CDVWKWebViewUIDelegate.h; path = "cordova-plugin-wkwebview-engine/CDVWKWebViewUIDelegate.h"; sourceTree = "<group>"; };
		E7DD9C27238C41CE80E55F7F /* WebKit.framework */ = {isa = PBXFileReference; explicitFileType = undefined; fileEncoding = 9; includeInIndex = 0; lastKnownFileType = wrapper.framework; name = WebKit.framework; path = System/Library/Frameworks/WebKit.framework; sourceTree = SDKROOT; };
		E85046C2265C4E22BE603325 /* SystemConfiguration.framework */ = {isa = PBXFileReference; explicitFileType = undefined; fileEncoding = 9; includeInIndex = 0; lastKnownFileType = wrapper.framework; name = SystemConfiguration.framework; path = System/Library/Frameworks/SystemConfiguration.framework; sourceTree = SDKROOT; };
		EB87FDF31871DA8E0020F90C /* www */ = {isa = PBXFileReference; lastKnownFileType = folder; name = www; path = ../../www; sourceTree = "<group>"; };
		EB87FDF41871DAF40020F90C /* config.xml */ = {isa = PBXFileReference; lastKnownFileType = text.xml; name = config.xml; path = ../../config.xml; sourceTree = "<group>"; };
		ED33DF2A687741AEAF9F8254 /* Bridging-Header.h */ = {isa = PBXFileReference; fileEncoding = 4; lastKnownFileType = sourcecode.c.h; path = "Bridging-Header.h"; sourceTree = "<group>"; };
		F840E1F0165FE0F500CFE078 /* config.xml */ = {isa = PBXFileReference; lastKnownFileType = text.xml; name = config.xml; path = "GAL Capo S.Maria di Leuca Reality/config.xml"; sourceTree = "<group>"; };
		FCA040FFBE45428EBA184503 /* WikitudeSDK.h */ = {isa = PBXFileReference; explicitFileType = undefined; fileEncoding = 4; includeInIndex = 0; lastKnownFileType = sourcecode.c.h; name = WikitudeSDK.h; path = com.wikitude.phonegap.WikitudePlugin/WikitudeSDK.h; sourceTree = "<group>"; };
/* End PBXFileReference section */

/* Begin PBXFrameworksBuildPhase section */
		1D60588F0D05DD3D006BFB54 /* Frameworks */ = {
			isa = PBXFrameworksBuildPhase;
			buildActionMask = 2147483647;
			files = (
				301BF552109A68D80062928A /* libCordova.a in Frameworks */,
				D655CB229E504D6590F34A44 /* libWikitudeSDK.a in Frameworks */,
				BB700445EF3B432298176541 /* libWikitudeSDK_simulator.a in Frameworks */,
				394B8C3EC216483B81AAEDF7 /* Accelerate.framework in Frameworks */,
				505D6054856D42F5900AFB3C /* AVFoundation.framework in Frameworks */,
				ADA1E34FA56747F2982D0AEC /* CFNetwork.framework in Frameworks */,
				AF89DB3B829B40C688DB5A85 /* CoreLocation.framework in Frameworks */,
				B5540E20844E4DADB8853D48 /* CoreMedia.framework in Frameworks */,
				1055F65C9BD84EFC9951BFB5 /* CoreMotion.framework in Frameworks */,
				4045699ED8644A56959C73E0 /* CoreText.framework in Frameworks */,
				06EDF0B3337B4125ADCD5D18 /* CoreVideo.framework in Frameworks */,
				A64AE823A7AE458AB5BFC3E2 /* Foundation.framework in Frameworks */,
				D9019ADB82F646A5871ED47A /* MediaPlayer.framework in Frameworks */,
				042C1561D8F94BD7B6DC9396 /* OpenGLES.framework in Frameworks */,
				73E2685C8F8949FA9CD66429 /* QuartzCore.framework in Frameworks */,
				47802976E5CD4A939BA5520D /* Security.framework in Frameworks */,
				B855F9426B15424B89252F55 /* SystemConfiguration.framework in Frameworks */,
				CABC5834C37B4062BA92969C /* UIKit.framework in Frameworks */,
				A66631A3DE3849DBB7FCCA8D /* libc++.dylib in Frameworks */,
				1400EA68386140549265DEEC /* libz.dylib in Frameworks */,
				FB1DFBC70C4F496E91E460BE /* WebKit.framework in Frameworks */,
			);
			runOnlyForDeploymentPostprocessing = 0;
		};
/* End PBXFrameworksBuildPhase section */

/* Begin PBXGroup section */
		080E96DDFE201D6D7F000001 /* Classes */ = {
			isa = PBXGroup;
			children = (
				302D95EE14D2391D003F00A1 /* MainViewController.h */,
				302D95EF14D2391D003F00A1 /* MainViewController.m */,
				302D95F014D2391D003F00A1 /* MainViewController.xib */,
				1D3623240D0F684500981E51 /* AppDelegate.h */,
				1D3623250D0F684500981E51 /* AppDelegate.m */,
			);
			name = Classes;
			path = "GAL Capo S.Maria di Leuca Reality/Classes";
			sourceTree = SOURCE_ROOT;
		};
		19C28FACFE9D520D11CA2CBB /* Products */ = {
			isa = PBXGroup;
			children = (
				1D6058910D05DD3D006BFB54 /* GAL Capo S.Maria di Leuca Reality.app */,
			);
			name = Products;
			sourceTree = "<group>";
		};
		29B97314FDCFA39411CA2CEA /* CustomTemplate */ = {
			isa = PBXGroup;
			children = (
				EB87FDF41871DAF40020F90C /* config.xml */,
				EB87FDF31871DA8E0020F90C /* www */,
				EB87FDF11871DA420020F90C /* Staging */,
				301BF52D109A57CC0062928A /* CordovaLib.xcodeproj */,
				080E96DDFE201D6D7F000001 /* Classes */,
				307C750510C5A3420062BCA9 /* Plugins */,
				29B97315FDCFA39411CA2CEA /* Other Sources */,
				29B97317FDCFA39411CA2CEA /* Resources */,
				29B97323FDCFA39411CA2CEA /* Frameworks */,
				19C28FACFE9D520D11CA2CBB /* Products */,
			);
			name = CustomTemplate;
			sourceTree = "<group>";
		};
		29B97315FDCFA39411CA2CEA /* Other Sources */ = {
			isa = PBXGroup;
			children = (
				32CA4F630368D1EE00C91783 /* GAL Capo S.Maria di Leuca Reality-Prefix.pch */,
				29B97316FDCFA39411CA2CEA /* main.m */,
				ED33DF2A687741AEAF9F8254 /* Bridging-Header.h */,
			);
			name = "Other Sources";
			path = "GAL Capo S.Maria di Leuca Reality";
			sourceTree = "<group>";
		};
		29B97317FDCFA39411CA2CEA /* Resources */ = {
			isa = PBXGroup;
			children = (
				0207DA571B56EA530066E2B4 /* Images.xcassets */,
				3047A50E1AB8057F00498E2A /* config */,
				8D1107310486CEB800E47090 /* GAL Capo S.Maria di Leuca Reality-Info.plist */,
			);
			name = Resources;
			path = "GAL Capo S.Maria di Leuca Reality/Resources";
			sourceTree = "<group>";
		};
		29B97323FDCFA39411CA2CEA /* Frameworks */ = {
			isa = PBXGroup;
			children = (
				1A376A90136D45D78411E8A9 /* libWikitudeSDK.a */,
				AAF90E9104244FBC9DE1E0CB /* libWikitudeSDK_simulator.a */,
				56410462FEFC47A39F1BEA3B /* Accelerate.framework */,
				86B3322CD21E4DE3A1D4B2EE /* AVFoundation.framework */,
				0FD3F995DD954FDF8FD52A39 /* CFNetwork.framework */,
				3718125840F94CBDBD10CCD3 /* CoreLocation.framework */,
				B070D96C49AD486BAA00A874 /* CoreMedia.framework */,
				CF395037E96C4F5F95038E5E /* CoreMotion.framework */,
				655CBD04C3B6472AA108F4A6 /* CoreText.framework */,
				48F601542DA0485CAFF5EA3F /* CoreVideo.framework */,
				B6CF8C1D08DC4F4FBCFCB23C /* Foundation.framework */,
				B9D7AFD4B15048C7B2F3C461 /* MediaPlayer.framework */,
				11B63FF3CABD44E6B503764F /* OpenGLES.framework */,
				D0F679D05B134B839CBA7F5A /* QuartzCore.framework */,
				D3D7C58316064002BD650B38 /* Security.framework */,
				E85046C2265C4E22BE603325 /* SystemConfiguration.framework */,
				1E446A9B874148C98292B42E /* UIKit.framework */,
				30CFAA2EB9CB4E48B1A8ABBF /* libc++.dylib */,
				CF611552D059428C880D522F /* libz.dylib */,
				E7DD9C27238C41CE80E55F7F /* WebKit.framework */,
			);
			name = Frameworks;
			sourceTree = "<group>";
		};
		301BF52E109A57CC0062928A /* Products */ = {
			isa = PBXGroup;
			children = (
				301BF535109A57CC0062928A /* libCordova.a */,
			);
			name = Products;
			sourceTree = "<group>";
		};
		3047A50E1AB8057F00498E2A /* config */ = {
			isa = PBXGroup;
			children = (
				3047A50F1AB8059700498E2A /* build-debug.xcconfig */,
				3047A5101AB8059700498E2A /* build-release.xcconfig */,
				3047A5111AB8059700498E2A /* build.xcconfig */,
			);
			name = config;
			sourceTree = "<group>";
		};
		307C750510C5A3420062BCA9 /* Plugins */ = {
			isa = PBXGroup;
			children = (
				B89A2050E8A04892B75CDF3A /* WTWikitudePlugin.m */,
				CC3F4D2F515145D2A5827576 /* WTARViewController.m */,
				E023AEDA068143D9B5FD1398 /* WTWikitudePlugin.h */,
				5F7C8193B80140439EA160D9 /* WTARViewController.h */,
				FCA040FFBE45428EBA184503 /* WikitudeSDK.h */,
				2271602687C14E839806D683 /* WTArchitectView.h */,
				1DEFF0AF59A34BF1974A1BB9 /* WTNavigation.h */,
				C38BD3D223A34623AF9AAB09 /* WTStartupConfiguration.h */,
				882A351F44ED4163A80EDACF /* WTArchitectViewDebugDelegate.h */,
				7EB67BADAA1A4C4FB8EAC47F /* WTArchitectView+Plugins.h */,
				96232D84A0BC42908F067EEF /* WTWikitudeTypes.h */,
				3DE95D480479487C986B36FE /* CDVNavigationWhitelistPlugin.m */,
				22FEEC20BD8D410597E8118E /* CDVNavigationWhitelistPlugin.h */,
				B60628D9D3EE43F1AA1EF398 /* CDVWKWebViewEngine.m */,
				CF641453580E43F29459E811 /* CDVWKWebViewUIDelegate.m */,
				3FEACC09E84A46A4AE72F546 /* CDVWKWebViewEngine.h */,
				E4095670C5F7460E8D5678F4 /* CDVWKWebViewUIDelegate.h */,
				7F04DE3AF9424A599849E2C7 /* CDVDevice.m */,
				D7CF45C96041463BB4CFA1D8 /* CDVDevice.h */,
				5E48499F619B4599936BDC0F /* CDVLocation.m */,
				D08613564612486285CE6B1C /* CDVLocation.h */,
				5EB97F359B63411CB058B323 /* CDVInAppBrowser.m */,
				6E21086EEB0D4ACA8FB0EADC /* CDVInAppBrowser.h */,
			);
			name = Plugins;
			path = "GAL Capo S.Maria di Leuca Reality/Plugins";
			sourceTree = SOURCE_ROOT;
		};
		EB87FDF11871DA420020F90C /* Staging */ = {
			isa = PBXGroup;
			children = (
				F840E1F0165FE0F500CFE078 /* config.xml */,
				301BF56E109A69640062928A /* www */,
			);
			name = Staging;
			sourceTree = "<group>";
		};
/* End PBXGroup section */

/* Begin PBXNativeTarget section */
		1D6058900D05DD3D006BFB54 /* GAL Capo S.Maria di Leuca Reality */ = {
			isa = PBXNativeTarget;
			buildConfigurationList = 1D6058960D05DD3E006BFB54 /* Build configuration list for PBXNativeTarget "GAL Capo S.Maria di Leuca Reality" */;
			buildPhases = (
				304B58A110DAC018002A0835 /* Copy www directory */,
				1D60588D0D05DD3D006BFB54 /* Resources */,
				1D60588E0D05DD3D006BFB54 /* Sources */,
				1D60588F0D05DD3D006BFB54 /* Frameworks */,
			);
			buildRules = (
			);
			dependencies = (
				301BF551109A68C00062928A /* PBXTargetDependency */,
			);
			name = "GAL Capo S.Maria di Leuca Reality";
			productName = "GAL Capo S.Maria di Leuca Reality";
			productReference = 1D6058910D05DD3D006BFB54 /* GAL Capo S.Maria di Leuca Reality.app */;
			productType = "com.apple.product-type.application";
		};
/* End PBXNativeTarget section */

/* Begin PBXProject section */
		29B97313FDCFA39411CA2CEA /* Project object */ = {
			isa = PBXProject;
			attributes = {
				LastUpgradeCheck = 0720;
				TargetAttributes = {
					1D6058900D05DD3D006BFB54 = {
						DevelopmentTeam = 3459CUQ7G6;
					};
				};
			};
			buildConfigurationList = C01FCF4E08A954540054247B /* Build configuration list for PBXProject "GAL Capo S.Maria di Leuca Reality" */;
			compatibilityVersion = "Xcode 3.2";
			developmentRegion = English;
			hasScannedForEncodings = 1;
			knownRegions = (
				en,
			);
			mainGroup = 29B97314FDCFA39411CA2CEA /* CustomTemplate */;
			projectDirPath = "";
			projectReferences = (
				{
					ProductGroup = 301BF52E109A57CC0062928A /* Products */;
					ProjectRef = 301BF52D109A57CC0062928A /* CordovaLib.xcodeproj */;
				},
			);
			projectRoot = "";
			targets = (
				1D6058900D05DD3D006BFB54 /* GAL Capo S.Maria di Leuca Reality */,
			);
		};
/* End PBXProject section */

/* Begin PBXReferenceProxy section */
		301BF535109A57CC0062928A /* libCordova.a */ = {
			isa = PBXReferenceProxy;
			fileType = archive.ar;
			path = libCordova.a;
			remoteRef = 301BF534109A57CC0062928A /* PBXContainerItemProxy */;
			sourceTree = BUILT_PRODUCTS_DIR;
		};
/* End PBXReferenceProxy section */

/* Begin PBXResourcesBuildPhase section */
		1D60588D0D05DD3D006BFB54 /* Resources */ = {
			isa = PBXResourcesBuildPhase;
			buildActionMask = 2147483647;
			files = (
				302D95F214D2391D003F00A1 /* MainViewController.xib in Resources */,
				0207DA581B56EA530066E2B4 /* Images.xcassets in Resources */,
			);
			runOnlyForDeploymentPostprocessing = 0;
		};
/* End PBXResourcesBuildPhase section */

/* Begin PBXShellScriptBuildPhase section */
		304B58A110DAC018002A0835 /* Copy www directory */ = {
			isa = PBXShellScriptBuildPhase;
			buildActionMask = 2147483647;
			files = (
			);
			inputPaths = (
			);
			name = "Copy www directory";
			outputPaths = (
			);
			runOnlyForDeploymentPostprocessing = 0;
			shellPath = /bin/sh;
			shellScript = "NODEJS_PATH=/usr/local/bin; NVM_NODE_PATH=~/.nvm/versions/node/`nvm version 2>/dev/null`/bin; N_NODE_PATH=`find /usr/local/n/versions/node/* -maxdepth 0 -type d 2>/dev/null | tail -1`/bin; XCODE_NODE_PATH=`xcode-select --print-path`/usr/share/xcs/Node/bin; PATH=$NODEJS_PATH:$NVM_NODE_PATH:$N_NODE_PATH:$XCODE_NODE_PATH:$PATH && node cordova/lib/copy-www-build-step.js";
			showEnvVarsInLog = 0;
		};
/* End PBXShellScriptBuildPhase section */

/* Begin PBXSourcesBuildPhase section */
		1D60588E0D05DD3D006BFB54 /* Sources */ = {
			isa = PBXSourcesBuildPhase;
			buildActionMask = 2147483647;
			files = (
				1D60589B0D05DD56006BFB54 /* main.m in Sources */,
				1D3623260D0F684500981E51 /* AppDelegate.m in Sources */,
				302D95F114D2391D003F00A1 /* MainViewController.m in Sources */,
				F6E48BBAB4AA46F2B21C958F /* WTWikitudePlugin.m in Sources */,
				DB9918F0A2A84B608091F62B /* WTARViewController.m in Sources */,
				A40A1280067448B9B0B4D58B /* CDVNavigationWhitelistPlugin.m in Sources */,
				9B6C56B28B3745E791F2B970 /* CDVWKWebViewEngine.m in Sources */,
				694FBF9A368E4B839C9EB327 /* CDVWKWebViewUIDelegate.m in Sources */,
				7583955265DB44D0B1155521 /* CDVDevice.m in Sources */,
				5E245B03F5C14E8E9F52CD7A /* CDVLocation.m in Sources */,
				BC1FEB256E1E4FAB8FA59424 /* CDVInAppBrowser.m in Sources */,
			);
			runOnlyForDeploymentPostprocessing = 0;
		};
/* End PBXSourcesBuildPhase section */

/* Begin PBXTargetDependency section */
		301BF551109A68C00062928A /* PBXTargetDependency */ = {
			isa = PBXTargetDependency;
			name = CordovaLib;
			targetProxy = 301BF550109A68C00062928A /* PBXContainerItemProxy */;
		};
/* End PBXTargetDependency section */

/* Begin XCBuildConfiguration section */
		1D6058940D05DD3E006BFB54 /* Debug */ = {
			isa = XCBuildConfiguration;
			baseConfigurationReference = 3047A50F1AB8059700498E2A /* build-debug.xcconfig */;
			buildSettings = {
				ALWAYS_SEARCH_USER_PATHS = NO;
				ASSETCATALOG_COMPILER_APPICON_NAME = AppIcon;
				ASSETCATALOG_COMPILER_LAUNCHIMAGE_NAME = LaunchImage;
				CLANG_ENABLE_MODULES = YES;
				CLANG_ENABLE_OBJC_ARC = YES;
				CODE_SIGN_IDENTITY = "iPhone Developer";
				COPY_PHASE_STRIP = NO;
				GCC_DYNAMIC_NO_PIC = NO;
				GCC_OPTIMIZATION_LEVEL = 0;
				GCC_PRECOMPILE_PREFIX_HEADER = YES;
				GCC_PREFIX_HEADER = "GAL Capo S.Maria di Leuca Reality/GAL Capo S.Maria di Leuca Reality-Prefix.pch";
				GCC_THUMB_SUPPORT = NO;
				GCC_VERSION = "";
				INFOPLIST_FILE = "GAL Capo S.Maria di Leuca Reality/GAL Capo S.Maria di Leuca Reality-Info.plist";
				IPHONEOS_DEPLOYMENT_TARGET = 7.1;
				LD_RUNPATH_SEARCH_PATHS = "@executable_path/Frameworks";
				LIBRARY_SEARCH_PATHS = (
					"$(inherited)",
					"\"$(SRCROOT)/GAL Capo S.Maria di Leuca Reality/Plugins/com.wikitude.phonegap.WikitudePlugin\"",
					"\"$(SRCROOT)/GAL Capo S.Maria di Leuca Reality/Plugins/com.wikitude.phonegap.WikitudePlugin\"",
				);
				PRODUCT_BUNDLE_IDENTIFIER = com.mappiamo.galreality;
				PRODUCT_NAME = "GAL Capo S.Maria di Leuca Reality";
			};
			name = Debug;
		};
		1D6058950D05DD3E006BFB54 /* Release */ = {
			isa = XCBuildConfiguration;
			baseConfigurationReference = 3047A5101AB8059700498E2A /* build-release.xcconfig */;
			buildSettings = {
				ALWAYS_SEARCH_USER_PATHS = NO;
				ASSETCATALOG_COMPILER_APPICON_NAME = AppIcon;
				ASSETCATALOG_COMPILER_LAUNCHIMAGE_NAME = LaunchImage;
				CLANG_ENABLE_MODULES = YES;
				CLANG_ENABLE_OBJC_ARC = YES;
				CODE_SIGN_IDENTITY = "iPhone Developer";
				COPY_PHASE_STRIP = YES;
				GCC_PRECOMPILE_PREFIX_HEADER = YES;
				GCC_PREFIX_HEADER = "GAL Capo S.Maria di Leuca Reality/GAL Capo S.Maria di Leuca Reality-Prefix.pch";
				GCC_THUMB_SUPPORT = NO;
				GCC_VERSION = "";
				INFOPLIST_FILE = "GAL Capo S.Maria di Leuca Reality/GAL Capo S.Maria di Leuca Reality-Info.plist";
				IPHONEOS_DEPLOYMENT_TARGET = 7.1;
				LIBRARY_SEARCH_PATHS = (
					"$(inherited)",
					"\"$(SRCROOT)/GAL Capo S.Maria di Leuca Reality/Plugins/com.wikitude.phonegap.WikitudePlugin\"",
					"\"$(SRCROOT)/GAL Capo S.Maria di Leuca Reality/Plugins/com.wikitude.phonegap.WikitudePlugin\"",
				);
				PRODUCT_BUNDLE_IDENTIFIER = com.mappiamo.galreality;
				PRODUCT_NAME = "GAL Capo S.Maria di Leuca Reality";
			};
			name = Release;
		};
		C01FCF4F08A954540054247B /* Debug */ = {
			isa = XCBuildConfiguration;
			baseConfigurationReference = 3047A5111AB8059700498E2A /* build.xcconfig */;
			buildSettings = {
				CLANG_ENABLE_MODULES = YES;
				CLANG_ENABLE_OBJC_ARC = YES;
				CLANG_WARN_BOOL_CONVERSION = YES;
				CLANG_WARN_CONSTANT_CONVERSION = YES;
				CLANG_WARN_EMPTY_BODY = YES;
				CLANG_WARN_ENUM_CONVERSION = YES;
				CLANG_WARN_INT_CONVERSION = YES;
				CLANG_WARN__DUPLICATE_METHOD_MATCH = YES;
				ENABLE_TESTABILITY = YES;
				GCC_C_LANGUAGE_STANDARD = c99;
				GCC_THUMB_SUPPORT = NO;
				GCC_VERSION = "";
				GCC_WARN_ABOUT_RETURN_TYPE = YES;
				GCC_WARN_UNDECLARED_SELECTOR = YES;
				GCC_WARN_UNINITIALIZED_AUTOS = YES;
				GCC_WARN_UNUSED_FUNCTION = YES;
				GCC_WARN_UNUSED_VARIABLE = YES;
				ONLY_ACTIVE_ARCH = YES;
				SDKROOT = iphoneos;
				SKIP_INSTALL = NO;
			};
			name = Debug;
		};
		C01FCF5008A954540054247B /* Release */ = {
			isa = XCBuildConfiguration;
			baseConfigurationReference = 3047A5111AB8059700498E2A /* build.xcconfig */;
			buildSettings = {
				CLANG_ENABLE_MODULES = YES;
				CLANG_ENABLE_OBJC_ARC = YES;
				CLANG_WARN_BOOL_CONVERSION = YES;
				CLANG_WARN_CONSTANT_CONVERSION = YES;
				CLANG_WARN_EMPTY_BODY = YES;
				CLANG_WARN_ENUM_CONVERSION = YES;
				CLANG_WARN_INT_CONVERSION = YES;
				CLANG_WARN__DUPLICATE_METHOD_MATCH = YES;
				GCC_C_LANGUAGE_STANDARD = c99;
				GCC_THUMB_SUPPORT = NO;
				GCC_VERSION = "";
				GCC_WARN_ABOUT_RETURN_TYPE = YES;
				GCC_WARN_UNDECLARED_SELECTOR = YES;
				GCC_WARN_UNINITIALIZED_AUTOS = YES;
				GCC_WARN_UNUSED_FUNCTION = YES;
				GCC_WARN_UNUSED_VARIABLE = YES;
				SDKROOT = iphoneos;
				SKIP_INSTALL = NO;
			};
			name = Release;
		};
/* End XCBuildConfiguration section */

/* Begin XCConfigurationList section */
		1D6058960D05DD3E006BFB54 /* Build configuration list for PBXNativeTarget "GAL Capo S.Maria di Leuca Reality" */ = {
			isa = XCConfigurationList;
			buildConfigurations = (
				1D6058940D05DD3E006BFB54 /* Debug */,
				1D6058950D05DD3E006BFB54 /* Release */,
			);
			defaultConfigurationIsVisible = 0;
			defaultConfigurationName = Release;
		};
		C01FCF4E08A954540054247B /* Build configuration list for PBXProject "GAL Capo S.Maria di Leuca Reality" */ = {
			isa = XCConfigurationList;
			buildConfigurations = (
				C01FCF4F08A954540054247B /* Debug */,
				C01FCF5008A954540054247B /* Release */,
			);
			defaultConfigurationIsVisible = 0;
			defaultConfigurationName = Release;
		};
/* End XCConfigurationList section */
	};
	rootObject = 29B97313FDCFA39411CA2CEA /* Project object */;
}
